<?xml version="1.0" encoding="UTF-8"?>
<!DOCTYPE plist PUBLIC "-//Apple//DTD PLIST 1.0//EN" "http://www.apple.com/DTDs/PropertyList-1.0.dtd">
<plist version="1.0">
<dict>
	<key>archiveVersion</key>
	<string>1</string>
	<key>classes</key>
	<dict/>
	<key>objectVersion</key>
	<string>46</string>
	<key>objects</key>
	<dict>
		<key>0085e652ff6ef7e29ffe8609</key>
		<dict>
			<key>fileRef</key>
			<string>543ae17b914fc34e8e053229</string>
			<key>isa</key>
			<string>PBXBuildFile</string>
		</dict>
		<key>015DEDF85543930986D3C597</key>
		<dict>
			<key>includeInIndex</key>
			<string>1</string>
			<key>isa</key>
			<string>PBXFileReference</string>
			<key>lastKnownFileType</key>
			<string>text.xcconfig</string>
			<key>name</key>
			<string>Pods-SunnyDazeTests.debug.xcconfig</string>
			<key>path</key>
			<string>Pods/Target Support Files/Pods-SunnyDazeTests/Pods-SunnyDazeTests.debug.xcconfig</string>
			<key>sourceTree</key>
			<string>&lt;group&gt;</string>
		</dict>
		<key>0723C33B85DBDD943D5F1255</key>
		<dict>
			<key>explicitFileType</key>
			<string>archive.ar</string>
			<key>includeInIndex</key>
			<string>0</string>
			<key>isa</key>
			<string>PBXFileReference</string>
			<key>path</key>
			<string>libPods-SunnyDazeTests.a</string>
			<key>sourceTree</key>
			<string>BUILT_PRODUCTS_DIR</string>
		</dict>
		<key>1422a9ffdbf0b70cd771f887</key>
		<dict>
			<key>baseConfigurationReference</key>
			<string>F230882128AF72C488CBAD81</string>
			<key>buildSettings</key>
			<dict>
				<key>ASSETCATALOG_COMPILER_APPICON_NAME</key>
				<string>AppIcon</string>
				<key>FRAMEWORK_SEARCH_PATHS</key>
				<array>
					<string>$(inherited)</string>
					<string>"$(SRCROOT)"</string>
				</array>
				<key>INFOPLIST_FILE</key>
				<string>SunnyDaze/Info.plist</string>
				<key>LD_RUNPATH_SEARCH_PATHS</key>
				<string>$(inherited) @executable_path/Frameworks</string>
				<key>OTHER_LDFLAGS</key>
				<array>
					<string>$(inherited)</string>
					<string>-force_load</string>
					<string>"$(SRCROOT)/calabash.framework/calabash"</string>
					<string>-lstdc++</string>
				</array>
				<key>PRODUCT_NAME</key>
				<string>$(TARGET_NAME)</string>
			</dict>
			<key>isa</key>
			<string>XCBuildConfiguration</string>
			<key>name</key>
			<string>Debug</string>
		</dict>
		<key>14f58c3754312ed292713caa</key>
		<dict>
			<key>fileEncoding</key>
			<string>4</string>
			<key>isa</key>
			<string>PBXFileReference</string>
			<key>lastKnownFileType</key>
			<string>wrapper.framework</string>
			<key>name</key>
			<string>CFNetwork.framework</string>
			<key>path</key>
			<string>System/Library/Frameworks/CFNetwork.framework</string>
			<key>sourceTree</key>
			<string>SDKROOT</string>
		</dict>
		<key>1F17B2A4F63537408E4302F7</key>
		<dict>
			<key>buildActionMask</key>
			<string>2147483647</string>
			<key>files</key>
			<array/>
			<key>inputPaths</key>
			<array/>
			<key>isa</key>
			<string>PBXShellScriptBuildPhase</string>
			<key>name</key>
			<string>Check Pods Manifest.lock</string>
			<key>outputPaths</key>
			<array/>
			<key>runOnlyForDeploymentPostprocessing</key>
			<string>0</string>
			<key>shellPath</key>
			<string>/bin/sh</string>
			<key>shellScript</key>
			<string>diff "${PODS_ROOT}/../Podfile.lock" "${PODS_ROOT}/Manifest.lock" &gt; /dev/null
if [[ $? != 0 ]] ; then
    cat &lt;&lt; EOM
error: The sandbox is not in sync with the Podfile.lock. Run 'pod install' or update your CocoaPods installation.
EOM
    exit 1
fi
</string>
			<key>showEnvVarsInLog</key>
			<string>0</string>
		</dict>
		<key>1bc07a9cddcf125bd2fd10aa</key>
		<dict>
			<key>fileRef</key>
			<string>834A07C41ADCC1E50071A175</string>
			<key>isa</key>
			<string>PBXBuildFile</string>
		</dict>
		<key>1c9a6f75d70392c3e6e88d96</key>
		<dict>
			<key>buildActionMask</key>
			<string>2147483647</string>
			<key>files</key>
			<array>
				<string>42445085f1eb49b29fedaeab</string>
				<string>c496fe2301575f045d39bc73</string>
				<string>adddd60e9fbacf879f40e1cd</string>
			</array>
			<key>isa</key>
			<string>PBXResourcesBuildPhase</string>
			<key>runOnlyForDeploymentPostprocessing</key>
			<string>0</string>
		</dict>
		<key>1cbdcb61500c6b7a4191e25b</key>
		<dict>
			<key>fileRef</key>
			<string>8320F23E1AE6009B00832721</string>
			<key>isa</key>
			<string>PBXBuildFile</string>
		</dict>
		<key>28B53BC025083B0E8C062C46</key>
		<dict>
			<key>buildActionMask</key>
			<string>2147483647</string>
			<key>files</key>
			<array/>
			<key>inputPaths</key>
			<array/>
			<key>isa</key>
			<string>PBXShellScriptBuildPhase</string>
			<key>name</key>
			<string>Copy Pods Resources</string>
			<key>outputPaths</key>
			<array/>
			<key>runOnlyForDeploymentPostprocessing</key>
			<string>0</string>
			<key>shellPath</key>
			<string>/bin/sh</string>
			<key>shellScript</key>
			<string>"${SRCROOT}/Pods/Target Support Files/Pods/Pods-resources.sh"
</string>
			<key>showEnvVarsInLog</key>
			<string>0</string>
		</dict>
		<key>2bf464d955acf6194dc58066</key>
		<dict>
			<key>fileRef</key>
			<string>14f58c3754312ed292713caa</string>
			<key>isa</key>
			<string>PBXBuildFile</string>
		</dict>
		<key>2c5f24b8ec68a8561fcb2428</key>
		<dict>
			<key>buildConfigurationList</key>
			<string>883b24ac82fc937707ae9c51</string>
			<key>buildPhases</key>
			<array>
				<string>fbd0128cf12f6b1aad960ed2</string>
				<string>ff314d25566086f365c92d4d</string>
				<string>44888dccb0b2597836d37bb9</string>
				<string>1c9a6f75d70392c3e6e88d96</string>
				<string>c8da7c6fe5c0e9781aed9c41</string>
			</array>
			<key>buildRules</key>
			<array/>
			<key>dependencies</key>
			<array/>
			<key>isa</key>
			<string>PBXNativeTarget</string>
			<key>name</key>
			<string>SunnyDaze-cal</string>
			<key>productName</key>
			<string>SunnyDaze-cal</string>
			<key>productReference</key>
			<string>fb07a8805f25fdc733bdccfb</string>
			<key>productType</key>
			<string>com.apple.product-type.application</string>
		</dict>
		<key>42445085f1eb49b29fedaeab</key>
		<dict>
			<key>fileRef</key>
			<string>834A07A71ADCB94C0071A175</string>
			<key>isa</key>
			<string>PBXBuildFile</string>
		</dict>
		<key>44888dccb0b2597836d37bb9</key>
		<dict>
			<key>buildActionMask</key>
			<string>2147483647</string>
			<key>files</key>
			<array>
				<string>c6413e1bfec1301db8f68776</string>
				<string>2bf464d955acf6194dc58066</string>
				<string>0085e652ff6ef7e29ffe8609</string>
			</array>
			<key>isa</key>
			<string>PBXFrameworksBuildPhase</string>
			<key>runOnlyForDeploymentPostprocessing</key>
			<string>0</string>
		</dict>
		<key>51f3a22c11876ee6b4c0e847</key>
		<dict>
			<key>fileRef</key>
			<string>834A07A21ADCB94C0071A175</string>
			<key>isa</key>
			<string>PBXBuildFile</string>
		</dict>
		<key>543ae17b914fc34e8e053229</key>
		<dict>
			<key>fileEncoding</key>
			<string>4</string>
			<key>isa</key>
			<string>PBXFileReference</string>
			<key>lastKnownFileType</key>
			<string>wrapper.framework</string>
			<key>name</key>
			<string>calabash.framework</string>
			<key>path</key>
			<string>calabash.framework</string>
			<key>sourceTree</key>
			<string>&lt;group&gt;</string>
		</dict>
		<key>59044E2FAF58E700A8B457E3</key>
		<dict>
			<key>includeInIndex</key>
			<string>1</string>
			<key>isa</key>
			<string>PBXFileReference</string>
			<key>lastKnownFileType</key>
			<string>text.xcconfig</string>
			<key>name</key>
			<string>Pods-SunnyDazeTests.release.xcconfig</string>
			<key>path</key>
			<string>Pods/Target Support Files/Pods-SunnyDazeTests/Pods-SunnyDazeTests.release.xcconfig</string>
			<key>sourceTree</key>
			<string>&lt;group&gt;</string>
		</dict>
		<key>7320241FCDA2980389576E87</key>
		<dict>
			<key>fileRef</key>
			<string>0723C33B85DBDD943D5F1255</string>
			<key>isa</key>
			<string>PBXBuildFile</string>
		</dict>
		<key>794D09F5F7FEE90FD0165382</key>
		<dict>
			<key>children</key>
			<array>
				<string>F230882128AF72C488CBAD81</string>
				<string>7BFFA2EA48880D4A54BDFDFF</string>
				<string>015DEDF85543930986D3C597</string>
				<string>59044E2FAF58E700A8B457E3</string>
			</array>
			<key>isa</key>
			<string>PBXGroup</string>
			<key>name</key>
			<string>Pods</string>
			<key>sourceTree</key>
			<string>&lt;group&gt;</string>
		</dict>
		<key>7BFFA2EA48880D4A54BDFDFF</key>
		<dict>
			<key>includeInIndex</key>
			<string>1</string>
			<key>isa</key>
			<string>PBXFileReference</string>
			<key>lastKnownFileType</key>
			<string>text.xcconfig</string>
			<key>name</key>
			<string>Pods.release.xcconfig</string>
			<key>path</key>
			<string>Pods/Target Support Files/Pods/Pods.release.xcconfig</string>
			<key>sourceTree</key>
			<string>&lt;group&gt;</string>
		</dict>
		<key>81e6356988f1dd82399af69b</key>
		<dict>
			<key>fileRef</key>
			<string>834A079F1ADCB94C0071A175</string>
			<key>isa</key>
			<string>PBXBuildFile</string>
		</dict>
		<key>8320F23D1AE6009B00832721</key>
		<dict>
			<key>fileEncoding</key>
			<string>4</string>
			<key>isa</key>
			<string>PBXFileReference</string>
			<key>lastKnownFileType</key>
			<string>sourcecode.c.h</string>
			<key>path</key>
			<string>WeatherResultsViewController.h</string>
			<key>sourceTree</key>
			<string>&lt;group&gt;</string>
		</dict>
		<key>8320F23E1AE6009B00832721</key>
		<dict>
			<key>fileEncoding</key>
			<string>4</string>
			<key>isa</key>
			<string>PBXFileReference</string>
			<key>lastKnownFileType</key>
			<string>sourcecode.c.objc</string>
			<key>path</key>
			<string>WeatherResultsViewController.m</string>
			<key>sourceTree</key>
			<string>&lt;group&gt;</string>
		</dict>
		<key>8320F23F1AE6009B00832721</key>
		<dict>
			<key>fileRef</key>
			<string>8320F23E1AE6009B00832721</string>
			<key>isa</key>
			<string>PBXBuildFile</string>
		</dict>
		<key>834A07911ADCB94C0071A175</key>
		<dict>
			<key>children</key>
			<array>
				<string>834A079C1ADCB94C0071A175</string>
				<string>834A07B61ADCB94C0071A175</string>
				<string>834A079B1ADCB94C0071A175</string>
				<string>794D09F5F7FEE90FD0165382</string>
				<string>90B9845D8AE0A47185708F86</string>
			</array>
			<key>isa</key>
			<string>PBXGroup</string>
			<key>sourceTree</key>
			<string>&lt;group&gt;</string>
		</dict>
		<key>834A07921ADCB94C0071A175</key>
		<dict>
			<key>attributes</key>
			<dict>
				<key>LastUpgradeCheck</key>
				<string>0620</string>
				<key>ORGANIZATIONNAME</key>
				<string>Detroit Labs</string>
				<key>TargetAttributes</key>
				<dict>
					<key>834A07991ADCB94C0071A175</key>
					<dict>
						<key>CreatedOnToolsVersion</key>
						<string>6.2</string>
					</dict>
					<key>834A07B21ADCB94C0071A175</key>
					<dict>
						<key>CreatedOnToolsVersion</key>
						<string>6.2</string>
						<key>TestTargetID</key>
						<string>834A07991ADCB94C0071A175</string>
					</dict>
				</dict>
			</dict>
			<key>buildConfigurationList</key>
			<string>834A07951ADCB94C0071A175</string>
			<key>compatibilityVersion</key>
			<string>Xcode 3.2</string>
			<key>developmentRegion</key>
			<string>English</string>
			<key>hasScannedForEncodings</key>
			<string>0</string>
			<key>isa</key>
			<string>PBXProject</string>
			<key>knownRegions</key>
			<array>
				<string>en</string>
				<string>Base</string>
			</array>
			<key>mainGroup</key>
			<string>834A07911ADCB94C0071A175</string>
			<key>productRefGroup</key>
			<string>834A079B1ADCB94C0071A175</string>
			<key>projectDirPath</key>
			<string></string>
			<key>projectRoot</key>
			<string></string>
			<key>targets</key>
			<array>
				<string>834A07991ADCB94C0071A175</string>
				<string>834A07B21ADCB94C0071A175</string>
				<string>2c5f24b8ec68a8561fcb2428</string>
			</array>
		</dict>
		<key>834A07951ADCB94C0071A175</key>
		<dict>
			<key>buildConfigurations</key>
			<array>
				<string>834A07BB1ADCB94C0071A175</string>
				<string>834A07BC1ADCB94C0071A175</string>
			</array>
			<key>defaultConfigurationIsVisible</key>
			<string>0</string>
			<key>defaultConfigurationName</key>
			<string>Release</string>
			<key>isa</key>
			<string>XCConfigurationList</string>
		</dict>
		<key>834A07961ADCB94C0071A175</key>
		<dict>
			<key>buildActionMask</key>
			<string>2147483647</string>
			<key>files</key>
			<array>
				<string>834A07C51ADCC1E50071A175</string>
				<string>834A07A61ADCB94C0071A175</string>
				<string>834A07A31ADCB94C0071A175</string>
				<string>834A07A01ADCB94C0071A175</string>
				<string>8320F23F1AE6009B00832721</string>
			</array>
			<key>isa</key>
			<string>PBXSourcesBuildPhase</string>
			<key>runOnlyForDeploymentPostprocessing</key>
			<string>0</string>
		</dict>
		<key>834A07971ADCB94C0071A175</key>
		<dict>
			<key>buildActionMask</key>
			<string>2147483647</string>
			<key>files</key>
			<array>
				<string>8C62C4DCCB1F383B9E52C077</string>
			</array>
			<key>isa</key>
			<string>PBXFrameworksBuildPhase</string>
			<key>runOnlyForDeploymentPostprocessing</key>
			<string>0</string>
		</dict>
		<key>834A07981ADCB94C0071A175</key>
		<dict>
			<key>buildActionMask</key>
			<string>2147483647</string>
			<key>files</key>
			<array>
				<string>834A07A91ADCB94C0071A175</string>
				<string>834A07AE1ADCB94C0071A175</string>
				<string>834A07AB1ADCB94C0071A175</string>
			</array>
			<key>isa</key>
			<string>PBXResourcesBuildPhase</string>
			<key>runOnlyForDeploymentPostprocessing</key>
			<string>0</string>
		</dict>
		<key>834A07991ADCB94C0071A175</key>
		<dict>
			<key>buildConfigurationList</key>
			<string>834A07BD1ADCB94C0071A175</string>
			<key>buildPhases</key>
			<array>
				<string>B3208EFD61A2AFC63EB10A87</string>
				<string>834A07961ADCB94C0071A175</string>
				<string>834A07971ADCB94C0071A175</string>
				<string>834A07981ADCB94C0071A175</string>
				<string>28B53BC025083B0E8C062C46</string>
			</array>
			<key>buildRules</key>
			<array/>
			<key>dependencies</key>
			<array/>
			<key>isa</key>
			<string>PBXNativeTarget</string>
			<key>name</key>
			<string>SunnyDaze</string>
			<key>productName</key>
			<string>SunnyDaze</string>
			<key>productReference</key>
			<string>834A079A1ADCB94C0071A175</string>
			<key>productType</key>
			<string>com.apple.product-type.application</string>
		</dict>
		<key>834A079A1ADCB94C0071A175</key>
		<dict>
			<key>explicitFileType</key>
			<string>wrapper.application</string>
			<key>includeInIndex</key>
			<string>0</string>
			<key>isa</key>
			<string>PBXFileReference</string>
			<key>path</key>
			<string>SunnyDaze.app</string>
			<key>sourceTree</key>
			<string>BUILT_PRODUCTS_DIR</string>
		</dict>
		<key>834A079B1ADCB94C0071A175</key>
		<dict>
			<key>children</key>
			<array>
				<string>834A079A1ADCB94C0071A175</string>
				<string>834A07B31ADCB94C0071A175</string>
			</array>
			<key>isa</key>
			<string>PBXGroup</string>
			<key>name</key>
			<string>Products</string>
			<key>sourceTree</key>
			<string>&lt;group&gt;</string>
		</dict>
		<key>834A079C1ADCB94C0071A175</key>
		<dict>
			<key>children</key>
			<array>
				<string>834A07A11ADCB94C0071A175</string>
				<string>834A07A21ADCB94C0071A175</string>
				<string>834A07A41ADCB94C0071A175</string>
				<string>834A07A51ADCB94C0071A175</string>
				<string>834A07A71ADCB94C0071A175</string>
				<string>834A07AA1ADCB94C0071A175</string>
				<string>834A07AC1ADCB94C0071A175</string>
				<string>834A079D1ADCB94C0071A175</string>
				<string>834A07C31ADCC1E50071A175</string>
				<string>834A07C41ADCC1E50071A175</string>
				<string>8320F23D1AE6009B00832721</string>
				<string>8320F23E1AE6009B00832721</string>
			</array>
			<key>isa</key>
			<string>PBXGroup</string>
			<key>path</key>
			<string>SunnyDaze</string>
			<key>sourceTree</key>
			<string>&lt;group&gt;</string>
		</dict>
		<key>834A079D1ADCB94C0071A175</key>
		<dict>
			<key>children</key>
			<array>
				<string>834A079E1ADCB94C0071A175</string>
				<string>834A079F1ADCB94C0071A175</string>
			</array>
			<key>isa</key>
			<string>PBXGroup</string>
			<key>name</key>
			<string>Supporting Files</string>
			<key>sourceTree</key>
			<string>&lt;group&gt;</string>
		</dict>
		<key>834A079E1ADCB94C0071A175</key>
		<dict>
			<key>isa</key>
			<string>PBXFileReference</string>
			<key>lastKnownFileType</key>
			<string>text.plist.xml</string>
			<key>path</key>
			<string>Info.plist</string>
			<key>sourceTree</key>
			<string>&lt;group&gt;</string>
		</dict>
		<key>834A079F1ADCB94C0071A175</key>
		<dict>
			<key>isa</key>
			<string>PBXFileReference</string>
			<key>lastKnownFileType</key>
			<string>sourcecode.c.objc</string>
			<key>path</key>
			<string>main.m</string>
			<key>sourceTree</key>
			<string>&lt;group&gt;</string>
		</dict>
		<key>834A07A01ADCB94C0071A175</key>
		<dict>
			<key>fileRef</key>
			<string>834A079F1ADCB94C0071A175</string>
			<key>isa</key>
			<string>PBXBuildFile</string>
		</dict>
		<key>834A07A11ADCB94C0071A175</key>
		<dict>
			<key>isa</key>
			<string>PBXFileReference</string>
			<key>lastKnownFileType</key>
			<string>sourcecode.c.h</string>
			<key>path</key>
			<string>AppDelegate.h</string>
			<key>sourceTree</key>
			<string>&lt;group&gt;</string>
		</dict>
		<key>834A07A21ADCB94C0071A175</key>
		<dict>
			<key>isa</key>
			<string>PBXFileReference</string>
			<key>lastKnownFileType</key>
			<string>sourcecode.c.objc</string>
			<key>path</key>
			<string>AppDelegate.m</string>
			<key>sourceTree</key>
			<string>&lt;group&gt;</string>
		</dict>
		<key>834A07A31ADCB94C0071A175</key>
		<dict>
			<key>fileRef</key>
			<string>834A07A21ADCB94C0071A175</string>
			<key>isa</key>
			<string>PBXBuildFile</string>
		</dict>
		<key>834A07A41ADCB94C0071A175</key>
		<dict>
			<key>isa</key>
			<string>PBXFileReference</string>
			<key>lastKnownFileType</key>
			<string>sourcecode.c.h</string>
			<key>path</key>
			<string>LocationEntryViewController.h</string>
			<key>sourceTree</key>
			<string>&lt;group&gt;</string>
		</dict>
		<key>834A07A51ADCB94C0071A175</key>
		<dict>
			<key>isa</key>
			<string>PBXFileReference</string>
			<key>lastKnownFileType</key>
			<string>sourcecode.c.objc</string>
			<key>path</key>
			<string>LocationEntryViewController.m</string>
			<key>sourceTree</key>
			<string>&lt;group&gt;</string>
		</dict>
		<key>834A07A61ADCB94C0071A175</key>
		<dict>
			<key>fileRef</key>
			<string>834A07A51ADCB94C0071A175</string>
			<key>isa</key>
			<string>PBXBuildFile</string>
		</dict>
		<key>834A07A71ADCB94C0071A175</key>
		<dict>
			<key>children</key>
			<array>
				<string>834A07A81ADCB94C0071A175</string>
			</array>
			<key>isa</key>
			<string>PBXVariantGroup</string>
			<key>name</key>
			<string>Main.storyboard</string>
			<key>sourceTree</key>
			<string>&lt;group&gt;</string>
		</dict>
		<key>834A07A81ADCB94C0071A175</key>
		<dict>
			<key>isa</key>
			<string>PBXFileReference</string>
			<key>lastKnownFileType</key>
			<string>file.storyboard</string>
			<key>name</key>
			<string>Base</string>
			<key>path</key>
			<string>Base.lproj/Main.storyboard</string>
			<key>sourceTree</key>
			<string>&lt;group&gt;</string>
		</dict>
		<key>834A07A91ADCB94C0071A175</key>
		<dict>
			<key>fileRef</key>
			<string>834A07A71ADCB94C0071A175</string>
			<key>isa</key>
			<string>PBXBuildFile</string>
		</dict>
		<key>834A07AA1ADCB94C0071A175</key>
		<dict>
			<key>isa</key>
			<string>PBXFileReference</string>
			<key>lastKnownFileType</key>
			<string>folder.assetcatalog</string>
			<key>path</key>
			<string>Images.xcassets</string>
			<key>sourceTree</key>
			<string>&lt;group&gt;</string>
		</dict>
		<key>834A07AB1ADCB94C0071A175</key>
		<dict>
			<key>fileRef</key>
			<string>834A07AA1ADCB94C0071A175</string>
			<key>isa</key>
			<string>PBXBuildFile</string>
		</dict>
		<key>834A07AC1ADCB94C0071A175</key>
		<dict>
			<key>children</key>
			<array>
				<string>834A07AD1ADCB94C0071A175</string>
			</array>
			<key>isa</key>
			<string>PBXVariantGroup</string>
			<key>name</key>
			<string>LaunchScreen.xib</string>
			<key>sourceTree</key>
			<string>&lt;group&gt;</string>
		</dict>
		<key>834A07AD1ADCB94C0071A175</key>
		<dict>
			<key>isa</key>
			<string>PBXFileReference</string>
			<key>lastKnownFileType</key>
			<string>file.xib</string>
			<key>name</key>
			<string>Base</string>
			<key>path</key>
			<string>Base.lproj/LaunchScreen.xib</string>
			<key>sourceTree</key>
			<string>&lt;group&gt;</string>
		</dict>
		<key>834A07AE1ADCB94C0071A175</key>
		<dict>
			<key>fileRef</key>
			<string>834A07AC1ADCB94C0071A175</string>
			<key>isa</key>
			<string>PBXBuildFile</string>
		</dict>
		<key>834A07AF1ADCB94C0071A175</key>
		<dict>
			<key>buildActionMask</key>
			<string>2147483647</string>
			<key>files</key>
			<array>
				<string>83AB43E51B1948AA009E3E70</string>
				<string>834A07BA1ADCB94C0071A175</string>
				<string>83AB43E31B193835009E3E70</string>
			</array>
			<key>isa</key>
			<string>PBXSourcesBuildPhase</string>
			<key>runOnlyForDeploymentPostprocessing</key>
			<string>0</string>
		</dict>
		<key>834A07B01ADCB94C0071A175</key>
		<dict>
			<key>buildActionMask</key>
			<string>2147483647</string>
			<key>files</key>
			<array>
				<string>7320241FCDA2980389576E87</string>
			</array>
			<key>isa</key>
			<string>PBXFrameworksBuildPhase</string>
			<key>runOnlyForDeploymentPostprocessing</key>
			<string>0</string>
		</dict>
		<key>834A07B11ADCB94C0071A175</key>
		<dict>
			<key>buildActionMask</key>
			<string>2147483647</string>
			<key>files</key>
			<array>
				<string>83AB43E71B194FB2009E3E70</string>
			</array>
			<key>isa</key>
			<string>PBXResourcesBuildPhase</string>
			<key>runOnlyForDeploymentPostprocessing</key>
			<string>0</string>
		</dict>
		<key>834A07B21ADCB94C0071A175</key>
		<dict>
			<key>buildConfigurationList</key>
			<string>834A07C01ADCB94C0071A175</string>
			<key>buildPhases</key>
			<array>
				<string>1F17B2A4F63537408E4302F7</string>
				<string>834A07AF1ADCB94C0071A175</string>
				<string>834A07B01ADCB94C0071A175</string>
				<string>834A07B11ADCB94C0071A175</string>
				<string>C4CA986E3A5FA85E7792F3F1</string>
			</array>
			<key>buildRules</key>
			<array/>
			<key>dependencies</key>
			<array>
				<string>834A07B51ADCB94C0071A175</string>
			</array>
			<key>isa</key>
			<string>PBXNativeTarget</string>
			<key>name</key>
			<string>SunnyDazeTests</string>
			<key>productName</key>
			<string>SunnyDazeTests</string>
			<key>productReference</key>
			<string>834A07B31ADCB94C0071A175</string>
			<key>productType</key>
			<string>com.apple.product-type.bundle.unit-test</string>
		</dict>
		<key>834A07B31ADCB94C0071A175</key>
		<dict>
			<key>explicitFileType</key>
			<string>wrapper.cfbundle</string>
			<key>includeInIndex</key>
			<string>0</string>
			<key>isa</key>
			<string>PBXFileReference</string>
			<key>path</key>
			<string>SunnyDazeTests.xctest</string>
			<key>sourceTree</key>
			<string>BUILT_PRODUCTS_DIR</string>
		</dict>
		<key>834A07B41ADCB94C0071A175</key>
		<dict>
			<key>containerPortal</key>
			<string>834A07921ADCB94C0071A175</string>
			<key>isa</key>
			<string>PBXContainerItemProxy</string>
			<key>proxyType</key>
			<string>1</string>
			<key>remoteGlobalIDString</key>
			<string>834A07991ADCB94C0071A175</string>
			<key>remoteInfo</key>
			<string>SunnyDaze</string>
		</dict>
		<key>834A07B51ADCB94C0071A175</key>
		<dict>
			<key>isa</key>
			<string>PBXTargetDependency</string>
			<key>target</key>
			<string>834A07991ADCB94C0071A175</string>
			<key>targetProxy</key>
			<string>834A07B41ADCB94C0071A175</string>
		</dict>
		<key>834A07B61ADCB94C0071A175</key>
		<dict>
			<key>children</key>
			<array>
				<string>834A07B91ADCB94C0071A175</string>
				<string>834A07B71ADCB94C0071A175</string>
				<string>83AB43E21B193835009E3E70</string>
				<string>83AB43E41B1948AA009E3E70</string>
			</array>
			<key>isa</key>
			<string>PBXGroup</string>
			<key>path</key>
			<string>SunnyDazeTests</string>
			<key>sourceTree</key>
			<string>&lt;group&gt;</string>
		</dict>
		<key>834A07B71ADCB94C0071A175</key>
		<dict>
			<key>children</key>
			<array>
				<string>834A07B81ADCB94C0071A175</string>
				<string>83AB43E61B194FB2009E3E70</string>
			</array>
			<key>isa</key>
			<string>PBXGroup</string>
			<key>name</key>
			<string>Supporting Files</string>
			<key>sourceTree</key>
			<string>&lt;group&gt;</string>
		</dict>
		<key>834A07B81ADCB94C0071A175</key>
		<dict>
			<key>isa</key>
			<string>PBXFileReference</string>
			<key>lastKnownFileType</key>
			<string>text.plist.xml</string>
			<key>path</key>
			<string>Info.plist</string>
			<key>sourceTree</key>
			<string>&lt;group&gt;</string>
		</dict>
		<key>834A07B91ADCB94C0071A175</key>
		<dict>
			<key>isa</key>
			<string>PBXFileReference</string>
			<key>lastKnownFileType</key>
			<string>sourcecode.c.objc</string>
			<key>path</key>
			<string>SunnyDazeTests.m</string>
			<key>sourceTree</key>
			<string>&lt;group&gt;</string>
		</dict>
		<key>834A07BA1ADCB94C0071A175</key>
		<dict>
			<key>fileRef</key>
			<string>834A07B91ADCB94C0071A175</string>
			<key>isa</key>
			<string>PBXBuildFile</string>
		</dict>
		<key>834A07BB1ADCB94C0071A175</key>
		<dict>
			<key>buildSettings</key>
			<dict>
				<key>ALWAYS_SEARCH_USER_PATHS</key>
				<string>NO</string>
				<key>CLANG_CXX_LANGUAGE_STANDARD</key>
				<string>gnu++0x</string>
				<key>CLANG_CXX_LIBRARY</key>
				<string>libc++</string>
				<key>CLANG_ENABLE_MODULES</key>
				<string>YES</string>
				<key>CLANG_ENABLE_OBJC_ARC</key>
				<string>YES</string>
				<key>CLANG_WARN_BOOL_CONVERSION</key>
				<string>YES</string>
				<key>CLANG_WARN_CONSTANT_CONVERSION</key>
				<string>YES</string>
				<key>CLANG_WARN_DIRECT_OBJC_ISA_USAGE</key>
				<string>YES_ERROR</string>
				<key>CLANG_WARN_EMPTY_BODY</key>
				<string>YES</string>
				<key>CLANG_WARN_ENUM_CONVERSION</key>
				<string>YES</string>
				<key>CLANG_WARN_INT_CONVERSION</key>
				<string>YES</string>
				<key>CLANG_WARN_OBJC_ROOT_CLASS</key>
				<string>YES_ERROR</string>
				<key>CLANG_WARN_UNREACHABLE_CODE</key>
				<string>YES</string>
				<key>CLANG_WARN__DUPLICATE_METHOD_MATCH</key>
				<string>YES</string>
				<key>CODE_SIGN_IDENTITY[sdk=iphoneos*]</key>
				<string>iPhone Developer</string>
				<key>COPY_PHASE_STRIP</key>
				<string>NO</string>
				<key>ENABLE_STRICT_OBJC_MSGSEND</key>
				<string>YES</string>
				<key>GCC_C_LANGUAGE_STANDARD</key>
				<string>gnu99</string>
				<key>GCC_DYNAMIC_NO_PIC</key>
				<string>NO</string>
				<key>GCC_OPTIMIZATION_LEVEL</key>
				<string>0</string>
				<key>GCC_PREPROCESSOR_DEFINITIONS</key>
				<array>
					<string>DEBUG=1</string>
					<string>$(inherited)</string>
				</array>
				<key>GCC_SYMBOLS_PRIVATE_EXTERN</key>
				<string>NO</string>
				<key>GCC_WARN_64_TO_32_BIT_CONVERSION</key>
				<string>YES</string>
				<key>GCC_WARN_ABOUT_RETURN_TYPE</key>
				<string>YES_ERROR</string>
				<key>GCC_WARN_UNDECLARED_SELECTOR</key>
				<string>YES</string>
				<key>GCC_WARN_UNINITIALIZED_AUTOS</key>
				<string>YES_AGGRESSIVE</string>
				<key>GCC_WARN_UNUSED_FUNCTION</key>
				<string>YES</string>
				<key>GCC_WARN_UNUSED_VARIABLE</key>
				<string>YES</string>
				<key>IPHONEOS_DEPLOYMENT_TARGET</key>
				<string>8.2</string>
				<key>MTL_ENABLE_DEBUG_INFO</key>
				<string>YES</string>
				<key>ONLY_ACTIVE_ARCH</key>
				<string>YES</string>
				<key>SDKROOT</key>
				<string>iphoneos</string>
			</dict>
			<key>isa</key>
			<string>XCBuildConfiguration</string>
			<key>name</key>
			<string>Debug</string>
		</dict>
		<key>834A07BC1ADCB94C0071A175</key>
		<dict>
			<key>buildSettings</key>
			<dict>
				<key>ALWAYS_SEARCH_USER_PATHS</key>
				<string>NO</string>
				<key>CLANG_CXX_LANGUAGE_STANDARD</key>
				<string>gnu++0x</string>
				<key>CLANG_CXX_LIBRARY</key>
				<string>libc++</string>
				<key>CLANG_ENABLE_MODULES</key>
				<string>YES</string>
				<key>CLANG_ENABLE_OBJC_ARC</key>
				<string>YES</string>
				<key>CLANG_WARN_BOOL_CONVERSION</key>
				<string>YES</string>
				<key>CLANG_WARN_CONSTANT_CONVERSION</key>
				<string>YES</string>
				<key>CLANG_WARN_DIRECT_OBJC_ISA_USAGE</key>
				<string>YES_ERROR</string>
				<key>CLANG_WARN_EMPTY_BODY</key>
				<string>YES</string>
				<key>CLANG_WARN_ENUM_CONVERSION</key>
				<string>YES</string>
				<key>CLANG_WARN_INT_CONVERSION</key>
				<string>YES</string>
				<key>CLANG_WARN_OBJC_ROOT_CLASS</key>
				<string>YES_ERROR</string>
				<key>CLANG_WARN_UNREACHABLE_CODE</key>
				<string>YES</string>
				<key>CLANG_WARN__DUPLICATE_METHOD_MATCH</key>
				<string>YES</string>
				<key>CODE_SIGN_IDENTITY[sdk=iphoneos*]</key>
				<string>iPhone Developer</string>
				<key>COPY_PHASE_STRIP</key>
				<string>NO</string>
				<key>ENABLE_NS_ASSERTIONS</key>
				<string>NO</string>
				<key>ENABLE_STRICT_OBJC_MSGSEND</key>
				<string>YES</string>
				<key>GCC_C_LANGUAGE_STANDARD</key>
				<string>gnu99</string>
				<key>GCC_WARN_64_TO_32_BIT_CONVERSION</key>
				<string>YES</string>
				<key>GCC_WARN_ABOUT_RETURN_TYPE</key>
				<string>YES_ERROR</string>
				<key>GCC_WARN_UNDECLARED_SELECTOR</key>
				<string>YES</string>
				<key>GCC_WARN_UNINITIALIZED_AUTOS</key>
				<string>YES_AGGRESSIVE</string>
				<key>GCC_WARN_UNUSED_FUNCTION</key>
				<string>YES</string>
				<key>GCC_WARN_UNUSED_VARIABLE</key>
				<string>YES</string>
				<key>IPHONEOS_DEPLOYMENT_TARGET</key>
				<string>8.2</string>
				<key>MTL_ENABLE_DEBUG_INFO</key>
				<string>NO</string>
				<key>SDKROOT</key>
				<string>iphoneos</string>
				<key>VALIDATE_PRODUCT</key>
				<string>YES</string>
			</dict>
			<key>isa</key>
			<string>XCBuildConfiguration</string>
			<key>name</key>
			<string>Release</string>
		</dict>
		<key>834A07BD1ADCB94C0071A175</key>
		<dict>
			<key>buildConfigurations</key>
			<array>
				<string>834A07BE1ADCB94C0071A175</string>
				<string>834A07BF1ADCB94C0071A175</string>
			</array>
			<key>defaultConfigurationIsVisible</key>
			<string>0</string>
			<key>defaultConfigurationName</key>
			<string>Release</string>
			<key>isa</key>
			<string>XCConfigurationList</string>
		</dict>
		<key>834A07BE1ADCB94C0071A175</key>
		<dict>
			<key>baseConfigurationReference</key>
			<string>F230882128AF72C488CBAD81</string>
			<key>buildSettings</key>
			<dict>
				<key>ASSETCATALOG_COMPILER_APPICON_NAME</key>
				<string>AppIcon</string>
				<key>INFOPLIST_FILE</key>
				<string>SunnyDaze/Info.plist</string>
				<key>LD_RUNPATH_SEARCH_PATHS</key>
				<string>$(inherited) @executable_path/Frameworks</string>
				<key>PRODUCT_NAME</key>
				<string>$(TARGET_NAME)</string>
			</dict>
			<key>isa</key>
			<string>XCBuildConfiguration</string>
			<key>name</key>
			<string>Debug</string>
		</dict>
		<key>834A07BF1ADCB94C0071A175</key>
		<dict>
			<key>baseConfigurationReference</key>
			<string>7BFFA2EA48880D4A54BDFDFF</string>
			<key>buildSettings</key>
			<dict>
				<key>ASSETCATALOG_COMPILER_APPICON_NAME</key>
				<string>AppIcon</string>
				<key>INFOPLIST_FILE</key>
				<string>SunnyDaze/Info.plist</string>
				<key>LD_RUNPATH_SEARCH_PATHS</key>
				<string>$(inherited) @executable_path/Frameworks</string>
				<key>PRODUCT_NAME</key>
				<string>$(TARGET_NAME)</string>
			</dict>
			<key>isa</key>
			<string>XCBuildConfiguration</string>
			<key>name</key>
			<string>Release</string>
		</dict>
		<key>834A07C01ADCB94C0071A175</key>
		<dict>
			<key>buildConfigurations</key>
			<array>
				<string>834A07C11ADCB94C0071A175</string>
				<string>834A07C21ADCB94C0071A175</string>
			</array>
			<key>defaultConfigurationIsVisible</key>
			<string>0</string>
			<key>defaultConfigurationName</key>
			<string>Release</string>
			<key>isa</key>
			<string>XCConfigurationList</string>
		</dict>
		<key>834A07C11ADCB94C0071A175</key>
		<dict>
			<key>baseConfigurationReference</key>
			<string>015DEDF85543930986D3C597</string>
			<key>buildSettings</key>
			<dict>
				<key>BUNDLE_LOADER</key>
				<string>$(TEST_HOST)</string>
				<key>FRAMEWORK_SEARCH_PATHS</key>
				<array>
					<string>$(SDKROOT)/Developer/Library/Frameworks</string>
					<string>$(inherited)</string>
				</array>
				<key>GCC_PREPROCESSOR_DEFINITIONS</key>
				<array>
					<string>DEBUG=1</string>
					<string>$(inherited)</string>
				</array>
				<key>INFOPLIST_FILE</key>
				<string>SunnyDazeTests/Info.plist</string>
				<key>LD_RUNPATH_SEARCH_PATHS</key>
				<string>$(inherited) @executable_path/Frameworks @loader_path/Frameworks</string>
				<key>PRODUCT_NAME</key>
				<string>$(TARGET_NAME)</string>
				<key>TEST_HOST</key>
				<string>$(BUILT_PRODUCTS_DIR)/SunnyDaze.app/SunnyDaze</string>
			</dict>
			<key>isa</key>
			<string>XCBuildConfiguration</string>
			<key>name</key>
			<string>Debug</string>
		</dict>
		<key>834A07C21ADCB94C0071A175</key>
		<dict>
			<key>baseConfigurationReference</key>
			<string>59044E2FAF58E700A8B457E3</string>
			<key>buildSettings</key>
			<dict>
				<key>BUNDLE_LOADER</key>
				<string>$(TEST_HOST)</string>
				<key>FRAMEWORK_SEARCH_PATHS</key>
				<array>
					<string>$(SDKROOT)/Developer/Library/Frameworks</string>
					<string>$(inherited)</string>
				</array>
				<key>INFOPLIST_FILE</key>
				<string>SunnyDazeTests/Info.plist</string>
				<key>LD_RUNPATH_SEARCH_PATHS</key>
				<string>$(inherited) @executable_path/Frameworks @loader_path/Frameworks</string>
				<key>PRODUCT_NAME</key>
				<string>$(TARGET_NAME)</string>
				<key>TEST_HOST</key>
				<string>$(BUILT_PRODUCTS_DIR)/SunnyDaze.app/SunnyDaze</string>
			</dict>
			<key>isa</key>
			<string>XCBuildConfiguration</string>
			<key>name</key>
			<string>Release</string>
		</dict>
		<key>834A07C31ADCC1E50071A175</key>
		<dict>
			<key>fileEncoding</key>
			<string>4</string>
			<key>isa</key>
			<string>PBXFileReference</string>
			<key>lastKnownFileType</key>
			<string>sourcecode.c.h</string>
			<key>path</key>
			<string>WeatherService.h</string>
			<key>sourceTree</key>
			<string>&lt;group&gt;</string>
		</dict>
		<key>834A07C41ADCC1E50071A175</key>
		<dict>
			<key>fileEncoding</key>
			<string>4</string>
			<key>isa</key>
			<string>PBXFileReference</string>
			<key>lastKnownFileType</key>
			<string>sourcecode.c.objc</string>
			<key>path</key>
			<string>WeatherService.m</string>
			<key>sourceTree</key>
			<string>&lt;group&gt;</string>
		</dict>
		<key>834A07C51ADCC1E50071A175</key>
		<dict>
			<key>fileRef</key>
			<string>834A07C41ADCC1E50071A175</string>
			<key>isa</key>
			<string>PBXBuildFile</string>
		</dict>
		<key>83AB43E21B193835009E3E70</key>
		<dict>
			<key>fileEncoding</key>
			<string>4</string>
			<key>isa</key>
			<string>PBXFileReference</string>
			<key>lastKnownFileType</key>
			<string>sourcecode.c.objc</string>
			<key>path</key>
			<string>LocationEntryViewControllerSpec.m</string>
			<key>sourceTree</key>
			<string>&lt;group&gt;</string>
		</dict>
		<key>83AB43E31B193835009E3E70</key>
		<dict>
			<key>fileRef</key>
			<string>83AB43E21B193835009E3E70</string>
			<key>isa</key>
			<string>PBXBuildFile</string>
		</dict>
		<key>83AB43E41B1948AA009E3E70</key>
		<dict>
			<key>fileEncoding</key>
			<string>4</string>
			<key>isa</key>
			<string>PBXFileReference</string>
			<key>lastKnownFileType</key>
			<string>sourcecode.c.objc</string>
			<key>path</key>
			<string>WeatherServiceSpec.m</string>
			<key>sourceTree</key>
			<string>&lt;group&gt;</string>
		</dict>
		<key>83AB43E51B1948AA009E3E70</key>
		<dict>
			<key>fileRef</key>
			<string>83AB43E41B1948AA009E3E70</string>
			<key>isa</key>
			<string>PBXBuildFile</string>
		</dict>
		<key>83AB43E61B194FB2009E3E70</key>
		<dict>
			<key>fileEncoding</key>
			<string>4</string>
			<key>isa</key>
			<string>PBXFileReference</string>
			<key>lastKnownFileType</key>
			<string>text.json</string>
			<key>path</key>
			<string>weather.json</string>
			<key>sourceTree</key>
			<string>&lt;group&gt;</string>
		</dict>
		<key>83AB43E71B194FB2009E3E70</key>
		<dict>
			<key>fileRef</key>
			<string>83AB43E61B194FB2009E3E70</string>
			<key>isa</key>
			<string>PBXBuildFile</string>
		</dict>
		<key>883b24ac82fc937707ae9c51</key>
		<dict>
			<key>buildConfigurations</key>
			<array>
				<string>1422a9ffdbf0b70cd771f887</string>
				<string>fd78e96e4329785e95bdf6ee</string>
			</array>
			<key>defaultConfigurationIsVisible</key>
			<string>0</string>
			<key>defaultConfigurationName</key>
			<string>Release</string>
			<key>isa</key>
			<string>XCConfigurationList</string>
		</dict>
		<key>8C62C4DCCB1F383B9E52C077</key>
		<dict>
			<key>fileRef</key>
			<string>ABF25792CFA8A0529D52B4BE</string>
			<key>isa</key>
			<string>PBXBuildFile</string>
		</dict>
		<key>90B9845D8AE0A47185708F86</key>
		<dict>
			<key>children</key>
			<array>
				<string>ABF25792CFA8A0529D52B4BE</string>
				<string>0723C33B85DBDD943D5F1255</string>
				<string>14f58c3754312ed292713caa</string>
				<string>543ae17b914fc34e8e053229</string>
			</array>
			<key>isa</key>
			<string>PBXGroup</string>
			<key>name</key>
			<string>Frameworks</string>
			<key>path</key>
			<string></string>
			<key>sourceTree</key>
			<string>&lt;group&gt;</string>
		</dict>
		<key>ABF25792CFA8A0529D52B4BE</key>
		<dict>
			<key>explicitFileType</key>
			<string>archive.ar</string>
			<key>includeInIndex</key>
			<string>0</string>
			<key>isa</key>
			<string>PBXFileReference</string>
			<key>path</key>
			<string>libPods.a</string>
			<key>sourceTree</key>
			<string>BUILT_PRODUCTS_DIR</string>
		</dict>
		<key>B3208EFD61A2AFC63EB10A87</key>
		<dict>
			<key>buildActionMask</key>
			<string>2147483647</string>
			<key>files</key>
			<array/>
			<key>inputPaths</key>
			<array/>
			<key>isa</key>
			<string>PBXShellScriptBuildPhase</string>
			<key>name</key>
			<string>Check Pods Manifest.lock</string>
			<key>outputPaths</key>
			<array/>
			<key>runOnlyForDeploymentPostprocessing</key>
			<string>0</string>
			<key>shellPath</key>
			<string>/bin/sh</string>
			<key>shellScript</key>
			<string>diff "${PODS_ROOT}/../Podfile.lock" "${PODS_ROOT}/Manifest.lock" &gt; /dev/null
if [[ $? != 0 ]] ; then
    cat &lt;&lt; EOM
error: The sandbox is not in sync with the Podfile.lock. Run 'pod install' or update your CocoaPods installation.
EOM
    exit 1
fi
</string>
			<key>showEnvVarsInLog</key>
			<string>0</string>
		</dict>
		<key>C4CA986E3A5FA85E7792F3F1</key>
		<dict>
			<key>buildActionMask</key>
			<string>2147483647</string>
			<key>files</key>
			<array/>
			<key>inputPaths</key>
			<array/>
			<key>isa</key>
			<string>PBXShellScriptBuildPhase</string>
			<key>name</key>
			<string>Copy Pods Resources</string>
			<key>outputPaths</key>
			<array/>
			<key>runOnlyForDeploymentPostprocessing</key>
			<string>0</string>
			<key>shellPath</key>
			<string>/bin/sh</string>
			<key>shellScript</key>
			<string>"${SRCROOT}/Pods/Target Support Files/Pods-SunnyDazeTests/Pods-SunnyDazeTests-resources.sh"
</string>
			<key>showEnvVarsInLog</key>
			<string>0</string>
		</dict>
		<key>F230882128AF72C488CBAD81</key>
		<dict>
			<key>includeInIndex</key>
			<string>1</string>
			<key>isa</key>
			<string>PBXFileReference</string>
			<key>lastKnownFileType</key>
			<string>text.xcconfig</string>
			<key>name</key>
			<string>Pods.debug.xcconfig</string>
			<key>path</key>
			<string>Pods/Target Support Files/Pods/Pods.debug.xcconfig</string>
			<key>sourceTree</key>
			<string>&lt;group&gt;</string>
		</dict>
		<key>adddd60e9fbacf879f40e1cd</key>
		<dict>
			<key>fileRef</key>
			<string>834A07AA1ADCB94C0071A175</string>
			<key>isa</key>
			<string>PBXBuildFile</string>
		</dict>
		<key>c496fe2301575f045d39bc73</key>
		<dict>
			<key>fileRef</key>
			<string>834A07AC1ADCB94C0071A175</string>
			<key>isa</key>
			<string>PBXBuildFile</string>
		</dict>
		<key>c6413e1bfec1301db8f68776</key>
		<dict>
			<key>fileRef</key>
			<string>ABF25792CFA8A0529D52B4BE</string>
			<key>isa</key>
			<string>PBXBuildFile</string>
		</dict>
		<key>c8da7c6fe5c0e9781aed9c41</key>
		<dict>
			<key>buildActionMask</key>
			<string>2147483647</string>
			<key>files</key>
			<array/>
			<key>inputPaths</key>
			<array/>
			<key>isa</key>
			<string>PBXShellScriptBuildPhase</string>
			<key>name</key>
			<string>Copy Pods Resources</string>
			<key>outputPaths</key>
			<array/>
			<key>runOnlyForDeploymentPostprocessing</key>
			<string>0</string>
			<key>shellPath</key>
			<string>/bin/sh</string>
			<key>shellScript</key>
			<string>"${SRCROOT}/Pods/Target Support Files/Pods/Pods-resources.sh"
</string>
			<key>showEnvVarsInLog</key>
			<string>0</string>
		</dict>
		<key>e4fe0321c6d8275ab1d00154</key>
		<dict>
			<key>fileRef</key>
			<string>834A07A51ADCB94C0071A175</string>
			<key>isa</key>
			<string>PBXBuildFile</string>
		</dict>
		<key>fb07a8805f25fdc733bdccfb</key>
		<dict>
			<key>explicitFileType</key>
			<string>wrapper.application</string>
			<key>includeInIndex</key>
			<string>0</string>
			<key>isa</key>
			<string>PBXFileReference</string>
			<key>path</key>
			<string>SunnyDaze-cal.app</string>
			<key>sourceTree</key>
			<string>BUILT_PRODUCTS_DIR</string>
		</dict>
		<key>fbd0128cf12f6b1aad960ed2</key>
		<dict>
			<key>buildActionMask</key>
			<string>2147483647</string>
			<key>files</key>
			<array/>
			<key>inputPaths</key>
			<array/>
			<key>isa</key>
			<string>PBXShellScriptBuildPhase</string>
			<key>name</key>
			<string>Check Pods Manifest.lock</string>
			<key>outputPaths</key>
			<array/>
			<key>runOnlyForDeploymentPostprocessing</key>
			<string>0</string>
			<key>shellPath</key>
			<string>/bin/sh</string>
			<key>shellScript</key>
			<string>diff "${PODS_ROOT}/../Podfile.lock" "${PODS_ROOT}/Manifest.lock" &gt; /dev/null
if [[ $? != 0 ]] ; then
    cat &lt;&lt; EOM
error: The sandbox is not in sync with the Podfile.lock. Run 'pod install' or update your CocoaPods installation.
EOM
    exit 1
fi
</string>
			<key>showEnvVarsInLog</key>
			<string>0</string>
		</dict>
		<key>fd78e96e4329785e95bdf6ee</key>
		<dict>
			<key>baseConfigurationReference</key>
			<string>7BFFA2EA48880D4A54BDFDFF</string>
			<key>buildSettings</key>
			<dict>
				<key>ASSETCATALOG_COMPILER_APPICON_NAME</key>
				<string>AppIcon</string>
				<key>FRAMEWORK_SEARCH_PATHS</key>
				<array>
					<string>$(inherited)</string>
					<string>"$(SRCROOT)"</string>
				</array>
				<key>INFOPLIST_FILE</key>
				<string>SunnyDaze/Info.plist</string>
				<key>LD_RUNPATH_SEARCH_PATHS</key>
				<string>$(inherited) @executable_path/Frameworks</string>
				<key>OTHER_LDFLAGS</key>
				<array>
					<string>$(inherited)</string>
					<string>-force_load</string>
					<string>"$(SRCROOT)/calabash.framework/calabash"</string>
					<string>-lstdc++</string>
				</array>
				<key>PRODUCT_NAME</key>
				<string>$(TARGET_NAME)</string>
			</dict>
			<key>isa</key>
			<string>XCBuildConfiguration</string>
			<key>name</key>
			<string>Release</string>
		</dict>
		<key>ff314d25566086f365c92d4d</key>
		<dict>
			<key>buildActionMask</key>
			<string>2147483647</string>
			<key>files</key>
			<array>
				<string>1bc07a9cddcf125bd2fd10aa</string>
				<string>e4fe0321c6d8275ab1d00154</string>
				<string>51f3a22c11876ee6b4c0e847</string>
				<string>81e6356988f1dd82399af69b</string>
				<string>1cbdcb61500c6b7a4191e25b</string>
			</array>
			<key>isa</key>
			<string>PBXSourcesBuildPhase</string>
			<key>runOnlyForDeploymentPostprocessing</key>
			<string>0</string>
		</dict>
	</dict>
	<key>rootObject</key>
	<string>834A07921ADCB94C0071A175</string>
</dict>
</plist>
